
Microsoft Visual Studio Solution File, Format Version 12.00
# Visual Studio Version 17
VisualStudioVersion = 17.7.34221.43
MinimumVisualStudioVersion = 10.0.40219.1
Project("{FAE04EC0-301F-11D3-BF4B-00C04F79EFBC}") = "EnglishNameOfTheLastDigit", "EnglishNameOfTheLastDigit\EnglishNameOfTheLastDigit.csproj", "{AB02F3BB-01DE-4B11-A85F-C73AE80B7908}"
EndProject
Global
	GlobalSection(SolutionConfigurationPlatforms) = preSolution
		Debug|Any CPU = Debug|Any CPU
		Release|Any CPU = Release|Any CPU
	EndGlobalSection
	GlobalSection(ProjectConfigurationPlatforms) = postSolution
		{AB02F3BB-01DE-4B11-A85F-C73AE80B7908}.Debug|Any CPU.ActiveCfg = Debug|Any CPU
		{AB02F3BB-01DE-4B11-A85F-C73AE80B7908}.Debug|Any CPU.Build.0 = Debug|Any CPU
		{AB02F3BB-01DE-4B11-A85F-C73AE80B7908}.Release|Any CPU.ActiveCfg = Release|Any CPU
		{AB02F3BB-01DE-4B11-A85F-C73AE80B7908}.Release|Any CPU.Build.0 = Release|Any CPU
	EndGlobalSection
	GlobalSection(SolutionProperties) = preSolution
		HideSolutionNode = FALSE
	EndGlobalSection
	GlobalSection(ExtensibilityGlobals) = postSolution
		SolutionGuid = {D00D1C56-5E5A-44EC-9AF8-AAC4DC99423A}
	EndGlobalSection
EndGlobal
