
Microsoft Visual Studio Solution File, Format Version 12.00
# Visual Studio Version 17
VisualStudioVersion = 17.7.34221.43
MinimumVisualStudioVersion = 10.0.40219.1
Project("{FAE04EC0-301F-11D3-BF4B-00C04F79EFBC}") = "Mid Exam Preparation - Fundamentals c#", "Mid Exam Preparation - Fundamentals c#\Mid Exam Preparation - Fundamentals c#.csproj", "{8FE43759-CF2C-4AED-87DA-AA1E4389E740}"
EndProject
Project("{FAE04EC0-301F-11D3-BF4B-00C04F79EFBC}") = "The Lift", "The Lift\The Lift.csproj", "{BAA5EDE5-D424-4136-9494-DFDD108ADF11}"
EndProject
Project("{FAE04EC0-301F-11D3-BF4B-00C04F79EFBC}") = "Moving Target", "Moving Target\Moving Target.csproj", "{18D42912-284D-4547-ABEE-D2354487988E}"
EndProject
Global
	GlobalSection(SolutionConfigurationPlatforms) = preSolution
		Debug|Any CPU = Debug|Any CPU
		Release|Any CPU = Release|Any CPU
	EndGlobalSection
	GlobalSection(ProjectConfigurationPlatforms) = postSolution
		{8FE43759-CF2C-4AED-87DA-AA1E4389E740}.Debug|Any CPU.ActiveCfg = Debug|Any CPU
		{8FE43759-CF2C-4AED-87DA-AA1E4389E740}.Debug|Any CPU.Build.0 = Debug|Any CPU
		{8FE43759-CF2C-4AED-87DA-AA1E4389E740}.Release|Any CPU.ActiveCfg = Release|Any CPU
		{8FE43759-CF2C-4AED-87DA-AA1E4389E740}.Release|Any CPU.Build.0 = Release|Any CPU
		{BAA5EDE5-D424-4136-9494-DFDD108ADF11}.Debug|Any CPU.ActiveCfg = Debug|Any CPU
		{BAA5EDE5-D424-4136-9494-DFDD108ADF11}.Debug|Any CPU.Build.0 = Debug|Any CPU
		{BAA5EDE5-D424-4136-9494-DFDD108ADF11}.Release|Any CPU.ActiveCfg = Release|Any CPU
		{BAA5EDE5-D424-4136-9494-DFDD108ADF11}.Release|Any CPU.Build.0 = Release|Any CPU
		{18D42912-284D-4547-ABEE-D2354487988E}.Debug|Any CPU.ActiveCfg = Debug|Any CPU
		{18D42912-284D-4547-ABEE-D2354487988E}.Debug|Any CPU.Build.0 = Debug|Any CPU
		{18D42912-284D-4547-ABEE-D2354487988E}.Release|Any CPU.ActiveCfg = Release|Any CPU
		{18D42912-284D-4547-ABEE-D2354487988E}.Release|Any CPU.Build.0 = Release|Any CPU
	EndGlobalSection
	GlobalSection(SolutionProperties) = preSolution
		HideSolutionNode = FALSE
	EndGlobalSection
	GlobalSection(ExtensibilityGlobals) = postSolution
		SolutionGuid = {933EA764-DB01-4679-A624-AF443B3D46EF}
	EndGlobalSection
EndGlobal
