
Microsoft Visual Studio Solution File, Format Version 12.00
# Visual Studio Version 17
VisualStudioVersion = 17.2.32630.192
MinimumVisualStudioVersion = 10.0.40219.1
Project("{FAE04EC0-301F-11D3-BF4B-00C04F79EFBC}") = "5. Square with Maximum Sum", "5. Square with Maximum Sum\5. Square with Maximum Sum.csproj", "{CE457B9D-F5BE-402C-AE9A-0D34B16A8F18}"
EndProject
Global
	GlobalSection(SolutionConfigurationPlatforms) = preSolution
		Debug|Any CPU = Debug|Any CPU
		Release|Any CPU = Release|Any CPU
	EndGlobalSection
	GlobalSection(ProjectConfigurationPlatforms) = postSolution
		{CE457B9D-F5BE-402C-AE9A-0D34B16A8F18}.Debug|Any CPU.ActiveCfg = Debug|Any CPU
		{CE457B9D-F5BE-402C-AE9A-0D34B16A8F18}.Debug|Any CPU.Build.0 = Debug|Any CPU
		{CE457B9D-F5BE-402C-AE9A-0D34B16A8F18}.Release|Any CPU.ActiveCfg = Release|Any CPU
		{CE457B9D-F5BE-402C-AE9A-0D34B16A8F18}.Release|Any CPU.Build.0 = Release|Any CPU
	EndGlobalSection
	GlobalSection(SolutionProperties) = preSolution
		HideSolutionNode = FALSE
	EndGlobalSection
	GlobalSection(ExtensibilityGlobals) = postSolution
		SolutionGuid = {956EA43B-5C2B-42BD-9838-53642A63B7FD}
	EndGlobalSection
EndGlobal
