
Microsoft Visual Studio Solution File, Format Version 12.00
# Visual Studio Version 17
VisualStudioVersion = 17.7.34221.43
MinimumVisualStudioVersion = 10.0.40219.1
Project("{FAE04EC0-301F-11D3-BF4B-00C04F79EFBC}") = "Problem 1 – Activation Keys", "Problem 1 – Activation Keys\Problem 1 – Activation Keys.csproj", "{D016AC94-3DB2-44AE-A3F6-6210CF2E4B9F}"
EndProject
Global
	GlobalSection(SolutionConfigurationPlatforms) = preSolution
		Debug|Any CPU = Debug|Any CPU
		Release|Any CPU = Release|Any CPU
	EndGlobalSection
	GlobalSection(ProjectConfigurationPlatforms) = postSolution
		{D016AC94-3DB2-44AE-A3F6-6210CF2E4B9F}.Debug|Any CPU.ActiveCfg = Debug|Any CPU
		{D016AC94-3DB2-44AE-A3F6-6210CF2E4B9F}.Debug|Any CPU.Build.0 = Debug|Any CPU
		{D016AC94-3DB2-44AE-A3F6-6210CF2E4B9F}.Release|Any CPU.ActiveCfg = Release|Any CPU
		{D016AC94-3DB2-44AE-A3F6-6210CF2E4B9F}.Release|Any CPU.Build.0 = Release|Any CPU
	EndGlobalSection
	GlobalSection(SolutionProperties) = preSolution
		HideSolutionNode = FALSE
	EndGlobalSection
	GlobalSection(ExtensibilityGlobals) = postSolution
		SolutionGuid = {34EC4F76-720B-460C-BE75-A33D0F0504DB}
	EndGlobalSection
EndGlobal
